{
  "lockfileVersion": 1,
  "configVersion": 1,
  "workspaces": {
    "": {
      "name": "hono-bun-send-only-example",
      "dependencies": {
        "@k-msg/provider": "latest",
        "hono": "^4.8.10",
        "k-msg": "latest",
      },
      "devDependencies": {
        "@types/bun": "^1.3.9",
        "@types/node": "^24.3.3",
        "typescript": "^5.9.3",
      },
    },
  },
  "packages": {
    "@k-msg/core": ["@k-msg/core@0.16.0", "", { "dependencies": { "zod": "^4.0.14" } }, "sha512-V/mPAOAxOCiIQg1GLBRO4A5+YSn2aAbqn8dTBPNjpAUpd5vsKTND0He5QAQyAPUkO/emOLjvCjiLjMkO9Y2+IA=="],

    "@k-msg/messaging": ["@k-msg/messaging@0.16.0", "", { "dependencies": { "@k-msg/core": "0.16.0", "zod": "^4.0.14" } }, "sha512-vjG5GI9vHCl48nOdVg1FegxBge+9HZ/xkU1OM6QCsXNoSDFFmfUHlEj6Wuo/mlq7vvtK12YMurT3axEe5ryh3w=="],

    "@k-msg/provider": ["@k-msg/provider@0.16.0", "", { "dependencies": { "@k-msg/core": "0.16.0" }, "peerDependencies": { "solapi": "^5.5.4" }, "optionalPeers": ["solapi"] }, "sha512-74tBzgKNibTEP4TDsbIK1BtyWnrfbtoG/UvACY+zJmONOfhY5RE9rIFC7WHiznNzbePwNUtlIhm+D8NaBACVqg=="],

    "@types/bun": ["@types/bun@1.3.9", "", { "dependencies": { "bun-types": "1.3.9" } }, "sha512-KQ571yULOdWJiMH+RIWIOZ7B2RXQGpL1YQrBtLIV3FqDcCu6FsbFUBwhdKUlCKUpS3PJDsHlJ1QKlpxoVR+xtw=="],

    "@types/node": ["@types/node@24.10.13", "", { "dependencies": { "undici-types": "~7.16.0" } }, "sha512-oH72nZRfDv9lADUBSo104Aq7gPHpQZc4BTx38r9xf9pg5LfP6EzSyH2n7qFmmxRQXh7YlUXODcYsg6PuTDSxGg=="],

    "bun-types": ["bun-types@1.3.9", "", { "dependencies": { "@types/node": "*" } }, "sha512-+UBWWOakIP4Tswh0Bt0QD0alpTY8cb5hvgiYeWCMet9YukHbzuruIEeXC2D7nMJPB12kbh8C7XJykSexEqGKJg=="],

    "hono": ["hono@4.11.9", "", {}, "sha512-Eaw2YTGM6WOxA6CXbckaEvslr2Ne4NFsKrvc0v97JD5awbmeBLO5w9Ho9L9kmKonrwF9RJlW6BxT1PVv/agBHQ=="],

    "k-msg": ["k-msg@0.16.0", "", { "dependencies": { "@k-msg/messaging": "0.16.0" }, "peerDependencies": { "react": "^18.0.0 || ^19.0.0", "typescript": "^5" }, "optionalPeers": ["react"] }, "sha512-HRyrepK+hCO0rTvBRdhGf+5XfhgIAQkEagDPHQIV4JU7QTa3hKoMiyvC4GhQXJQw8wVO8HFCglgQuG3QRWROpg=="],

    "typescript": ["typescript@5.9.3", "", { "bin": { "tsc": "bin/tsc", "tsserver": "bin/tsserver" } }, "sha512-jl1vZzPDinLr9eUt3J/t7V6FgNEw9QjvBPdysz9KfQDD41fQrC2Y4vKQdiaUpFT4bXlb1RHhLpp8wtm6M5TgSw=="],

    "undici-types": ["undici-types@7.16.0", "", {}, "sha512-Zz+aZWSj8LE6zoxD+xrjh4VfkIG8Ya6LvYkZqtUQGJPZjYl53ypCaUwWqo7eI0x66KBGeRo+mlBEkMSeSZ38Nw=="],

    "zod": ["zod@4.3.6", "", {}, "sha512-rftlrkhHZOcjDwkGlnUtZZkvaPHCsDATp4pGpuOOMDaTdDDXF91wuVDJoWoPsKX/3YPQ5fHuF3STjcYyKr+Qhg=="],
  }
}
